
Microsoft Visual Studio Solution File, Format Version 12.00
# Visual Studio Version 17
VisualStudioVersion = 17.8.34309.116
MinimumVisualStudioVersion = 10.0.40219.1
Project("{FAE04EC0-301F-11D3-BF4B-00C04F79EFBC}") = "ChallengeApp", "ChallengeApp\ChallengeApp.csproj", "{47190770-AFCF-4476-BADC-09D39F6C3B34}"
EndProject
Global
	GlobalSection(SolutionConfigurationPlatforms) = preSolution
		Debug|Any CPU = Debug|Any CPU
		Release|Any CPU = Release|Any CPU
	EndGlobalSection
	GlobalSection(ProjectConfigurationPlatforms) = postSolution
		{47190770-AFCF-4476-BADC-09D39F6C3B34}.Debug|Any CPU.ActiveCfg = Debug|Any CPU
		{47190770-AFCF-4476-BADC-09D39F6C3B34}.Debug|Any CPU.Build.0 = Debug|Any CPU
		{47190770-AFCF-4476-BADC-09D39F6C3B34}.Release|Any CPU.ActiveCfg = Release|Any CPU
		{47190770-AFCF-4476-BADC-09D39F6C3B34}.Release|Any CPU.Build.0 = Release|Any CPU
	EndGlobalSection
	GlobalSection(SolutionProperties) = preSolution
		HideSolutionNode = FALSE
	EndGlobalSection
	GlobalSection(ExtensibilityGlobals) = postSolution
		SolutionGuid = {18327775-6776-4345-9DC0-CF5D1A3832D1}
	EndGlobalSection
EndGlobal
